// !$*UTF8*$!
{
	archiveVersion = 1;
	classes = {
	};
	objectVersion = 56;
	objects = {

/* Begin PBXBuildFile section */
		2C1F639771432B03D7B50091 /* Pods_UpcheckTests.framework in Frameworks */ = {isa = PBXBuildFile; fileRef = 24441FB916D4D3E32C16AC64 /* Pods_UpcheckTests.framework */; };
		652CD0E7998AB8A304AE9D5A /* Pods_Upcheck_UpcheckUITests.framework in Frameworks */ = {isa = PBXBuildFile; fileRef = 5B7E55FA9209CE590E018637 /* Pods_Upcheck_UpcheckUITests.framework */; };
		678EE69429A3459500A878E5 /* AppDelegate.swift in Sources */ = {isa = PBXBuildFile; fileRef = 678EE69329A3459500A878E5 /* AppDelegate.swift */; };
		678EE69629A3459500A878E5 /* SceneDelegate.swift in Sources */ = {isa = PBXBuildFile; fileRef = 678EE69529A3459500A878E5 /* SceneDelegate.swift */; };
		678EE69829A3459500A878E5 /* ViewController.swift in Sources */ = {isa = PBXBuildFile; fileRef = 678EE69729A3459500A878E5 /* ViewController.swift */; };
		678EE69B29A3459500A878E5 /* Main.storyboard in Resources */ = {isa = PBXBuildFile; fileRef = 678EE69929A3459500A878E5 /* Main.storyboard */; };
		678EE69D29A3459A00A878E5 /* Assets.xcassets in Resources */ = {isa = PBXBuildFile; fileRef = 678EE69C29A3459A00A878E5 /* Assets.xcassets */; };
		678EE6A029A3459A00A878E5 /* LaunchScreen.storyboard in Resources */ = {isa = PBXBuildFile; fileRef = 678EE69E29A3459A00A878E5 /* LaunchScreen.storyboard */; };
		678EE6AB29A3459A00A878E5 /* UpcheckTests.swift in Sources */ = {isa = PBXBuildFile; fileRef = 678EE6AA29A3459A00A878E5 /* UpcheckTests.swift */; };
		678EE6B529A3459A00A878E5 /* UpcheckUITests.swift in Sources */ = {isa = PBXBuildFile; fileRef = 678EE6B429A3459A00A878E5 /* UpcheckUITests.swift */; };
		678EE6B729A3459A00A878E5 /* UpcheckUITestsLaunchTests.swift in Sources */ = {isa = PBXBuildFile; fileRef = 678EE6B629A3459A00A878E5 /* UpcheckUITestsLaunchTests.swift */; };
		67A7082029A399E500E5D4B7 /* Inter-Light.ttf in Resources */ = {isa = PBXBuildFile; fileRef = 67A7081729A399E400E5D4B7 /* Inter-Light.ttf */; };
		67A7082129A399E500E5D4B7 /* Inter-Black.ttf in Resources */ = {isa = PBXBuildFile; fileRef = 67A7081829A399E400E5D4B7 /* Inter-Black.ttf */; };
		67A7082229A399E500E5D4B7 /* Inter-Bold.ttf in Resources */ = {isa = PBXBuildFile; fileRef = 67A7081929A399E400E5D4B7 /* Inter-Bold.ttf */; };
		67A7082329A399E500E5D4B7 /* Inter-SemiBold.ttf in Resources */ = {isa = PBXBuildFile; fileRef = 67A7081A29A399E400E5D4B7 /* Inter-SemiBold.ttf */; };
		67A7082429A399E500E5D4B7 /* Inter-Thin.ttf in Resources */ = {isa = PBXBuildFile; fileRef = 67A7081B29A399E500E5D4B7 /* Inter-Thin.ttf */; };
		67A7082529A399E500E5D4B7 /* Inter-Regular.ttf in Resources */ = {isa = PBXBuildFile; fileRef = 67A7081C29A399E500E5D4B7 /* Inter-Regular.ttf */; };
		67A7082629A399E500E5D4B7 /* Inter-ExtraBold.ttf in Resources */ = {isa = PBXBuildFile; fileRef = 67A7081D29A399E500E5D4B7 /* Inter-ExtraBold.ttf */; };
		67A7082729A399E500E5D4B7 /* Inter-Medium.ttf in Resources */ = {isa = PBXBuildFile; fileRef = 67A7081E29A399E500E5D4B7 /* Inter-Medium.ttf */; };
		67A7082829A399E500E5D4B7 /* Inter-ExtraLight.ttf in Resources */ = {isa = PBXBuildFile; fileRef = 67A7081F29A399E500E5D4B7 /* Inter-ExtraLight.ttf */; };
		67A7082A29A39A4400E5D4B7 /* Fonts.swift in Sources */ = {isa = PBXBuildFile; fileRef = 67A7082929A39A4400E5D4B7 /* Fonts.swift */; };
		67C88F0029A3891200A63106 /* ColorConstant.swift in Sources */ = {isa = PBXBuildFile; fileRef = 67C88EFF29A3891200A63106 /* ColorConstant.swift */; };
		8F602829C76EA192099345CC /* Pods_Upcheck.framework in Frameworks */ = {isa = PBXBuildFile; fileRef = 89D06B4B58E250166C95BDD3 /* Pods_Upcheck.framework */; };
/* End PBXBuildFile section */

/* Begin PBXContainerItemProxy section */
		678EE6A729A3459A00A878E5 /* PBXContainerItemProxy */ = {
			isa = PBXContainerItemProxy;
			containerPortal = 678EE68829A3459500A878E5 /* Project object */;
			proxyType = 1;
			remoteGlobalIDString = 678EE68F29A3459500A878E5;
			remoteInfo = Upcheck;
		};
		678EE6B129A3459A00A878E5 /* PBXContainerItemProxy */ = {
			isa = PBXContainerItemProxy;
			containerPortal = 678EE68829A3459500A878E5 /* Project object */;
			proxyType = 1;
			remoteGlobalIDString = 678EE68F29A3459500A878E5;
			remoteInfo = Upcheck;
		};
/* End PBXContainerItemProxy section */

/* Begin PBXFileReference section */
		0FE52A3D7C316EC9B8ADD925 /* Pods-UpcheckTests.debug.xcconfig */ = {isa = PBXFileReference; includeInIndex = 1; lastKnownFileType = text.xcconfig; name = "Pods-UpcheckTests.debug.xcconfig"; path = "Target Support Files/Pods-UpcheckTests/Pods-UpcheckTests.debug.xcconfig"; sourceTree = "<group>"; };
		17E850F651884E3884F847DA /* Pods-Upcheck.release.xcconfig */ = {isa = PBXFileReference; includeInIndex = 1; lastKnownFileType = text.xcconfig; name = "Pods-Upcheck.release.xcconfig"; path = "Target Support Files/Pods-Upcheck/Pods-Upcheck.release.xcconfig"; sourceTree = "<group>"; };
		24441FB916D4D3E32C16AC64 /* Pods_UpcheckTests.framework */ = {isa = PBXFileReference; explicitFileType = wrapper.framework; includeInIndex = 0; path = Pods_UpcheckTests.framework; sourceTree = BUILT_PRODUCTS_DIR; };
		29928782EA29162C909C0C69 /* Pods-Upcheck-UpcheckUITests.release.xcconfig */ = {isa = PBXFileReference; includeInIndex = 1; lastKnownFileType = text.xcconfig; name = "Pods-Upcheck-UpcheckUITests.release.xcconfig"; path = "Target Support Files/Pods-Upcheck-UpcheckUITests/Pods-Upcheck-UpcheckUITests.release.xcconfig"; sourceTree = "<group>"; };
		396749F837E0F277EBCDF1AB /* Pods-Upcheck.debug.xcconfig */ = {isa = PBXFileReference; includeInIndex = 1; lastKnownFileType = text.xcconfig; name = "Pods-Upcheck.debug.xcconfig"; path = "Target Support Files/Pods-Upcheck/Pods-Upcheck.debug.xcconfig"; sourceTree = "<group>"; };
		5B7E55FA9209CE590E018637 /* Pods_Upcheck_UpcheckUITests.framework */ = {isa = PBXFileReference; explicitFileType = wrapper.framework; includeInIndex = 0; path = Pods_Upcheck_UpcheckUITests.framework; sourceTree = BUILT_PRODUCTS_DIR; };
		678EE69029A3459500A878E5 /* Upcheck.app */ = {isa = PBXFileReference; explicitFileType = wrapper.application; includeInIndex = 0; path = Upcheck.app; sourceTree = BUILT_PRODUCTS_DIR; };
		678EE69329A3459500A878E5 /* AppDelegate.swift */ = {isa = PBXFileReference; lastKnownFileType = sourcecode.swift; path = AppDelegate.swift; sourceTree = "<group>"; };
		678EE69529A3459500A878E5 /* SceneDelegate.swift */ = {isa = PBXFileReference; lastKnownFileType = sourcecode.swift; path = SceneDelegate.swift; sourceTree = "<group>"; };
		678EE69729A3459500A878E5 /* ViewController.swift */ = {isa = PBXFileReference; lastKnownFileType = sourcecode.swift; path = ViewController.swift; sourceTree = "<group>"; };
		678EE69A29A3459500A878E5 /* Base */ = {isa = PBXFileReference; lastKnownFileType = file.storyboard; name = Base; path = Base.lproj/Main.storyboard; sourceTree = "<group>"; };
		678EE69C29A3459A00A878E5 /* Assets.xcassets */ = {isa = PBXFileReference; lastKnownFileType = folder.assetcatalog; path = Assets.xcassets; sourceTree = "<group>"; };
		678EE69F29A3459A00A878E5 /* Base */ = {isa = PBXFileReference; lastKnownFileType = file.storyboard; name = Base; path = Base.lproj/LaunchScreen.storyboard; sourceTree = "<group>"; };
		678EE6A129A3459A00A878E5 /* Info.plist */ = {isa = PBXFileReference; lastKnownFileType = text.plist.xml; path = Info.plist; sourceTree = "<group>"; };
		678EE6A629A3459A00A878E5 /* UpcheckTests.xctest */ = {isa = PBXFileReference; explicitFileType = wrapper.cfbundle; includeInIndex = 0; path = UpcheckTests.xctest; sourceTree = BUILT_PRODUCTS_DIR; };
		678EE6AA29A3459A00A878E5 /* UpcheckTests.swift */ = {isa = PBXFileReference; lastKnownFileType = sourcecode.swift; path = UpcheckTests.swift; sourceTree = "<group>"; };
		678EE6B029A3459A00A878E5 /* UpcheckUITests.xctest */ = {isa = PBXFileReference; explicitFileType = wrapper.cfbundle; includeInIndex = 0; path = UpcheckUITests.xctest; sourceTree = BUILT_PRODUCTS_DIR; };
		678EE6B429A3459A00A878E5 /* UpcheckUITests.swift */ = {isa = PBXFileReference; lastKnownFileType = sourcecode.swift; path = UpcheckUITests.swift; sourceTree = "<group>"; };
		678EE6B629A3459A00A878E5 /* UpcheckUITestsLaunchTests.swift */ = {isa = PBXFileReference; lastKnownFileType = sourcecode.swift; path = UpcheckUITestsLaunchTests.swift; sourceTree = "<group>"; };
		67A7081729A399E400E5D4B7 /* Inter-Light.ttf */ = {isa = PBXFileReference; lastKnownFileType = file; path = "Inter-Light.ttf"; sourceTree = "<group>"; };
		67A7081829A399E400E5D4B7 /* Inter-Black.ttf */ = {isa = PBXFileReference; lastKnownFileType = file; path = "Inter-Black.ttf"; sourceTree = "<group>"; };
		67A7081929A399E400E5D4B7 /* Inter-Bold.ttf */ = {isa = PBXFileReference; lastKnownFileType = file; path = "Inter-Bold.ttf"; sourceTree = "<group>"; };
		67A7081A29A399E400E5D4B7 /* Inter-SemiBold.ttf */ = {isa = PBXFileReference; lastKnownFileType = file; path = "Inter-SemiBold.ttf"; sourceTree = "<group>"; };
		67A7081B29A399E500E5D4B7 /* Inter-Thin.ttf */ = {isa = PBXFileReference; lastKnownFileType = file; path = "Inter-Thin.ttf"; sourceTree = "<group>"; };
		67A7081C29A399E500E5D4B7 /* Inter-Regular.ttf */ = {isa = PBXFileReference; lastKnownFileType = file; path = "Inter-Regular.ttf"; sourceTree = "<group>"; };
		67A7081D29A399E500E5D4B7 /* Inter-ExtraBold.ttf */ = {isa = PBXFileReference; lastKnownFileType = file; path = "Inter-ExtraBold.ttf"; sourceTree = "<group>"; };
		67A7081E29A399E500E5D4B7 /* Inter-Medium.ttf */ = {isa = PBXFileReference; lastKnownFileType = file; path = "Inter-Medium.ttf"; sourceTree = "<group>"; };
		67A7081F29A399E500E5D4B7 /* Inter-ExtraLight.ttf */ = {isa = PBXFileReference; lastKnownFileType = file; path = "Inter-ExtraLight.ttf"; sourceTree = "<group>"; };
		67A7082929A39A4400E5D4B7 /* Fonts.swift */ = {isa = PBXFileReference; fileEncoding = 4; lastKnownFileType = sourcecode.swift; path = Fonts.swift; sourceTree = "<group>"; };
		67C88EFF29A3891200A63106 /* ColorConstant.swift */ = {isa = PBXFileReference; lastKnownFileType = sourcecode.swift; path = ColorConstant.swift; sourceTree = "<group>"; };
		7569CE600CB563A860E4ED18 /* Pods-Upcheck-UpcheckUITests.debug.xcconfig */ = {isa = PBXFileReference; includeInIndex = 1; lastKnownFileType = text.xcconfig; name = "Pods-Upcheck-UpcheckUITests.debug.xcconfig"; path = "Target Support Files/Pods-Upcheck-UpcheckUITests/Pods-Upcheck-UpcheckUITests.debug.xcconfig"; sourceTree = "<group>"; };
		7EB0A317C8439AA12B56216E /* Pods-UpcheckTests.release.xcconfig */ = {isa = PBXFileReference; includeInIndex = 1; lastKnownFileType = text.xcconfig; name = "Pods-UpcheckTests.release.xcconfig"; path = "Target Support Files/Pods-UpcheckTests/Pods-UpcheckTests.release.xcconfig"; sourceTree = "<group>"; };
		89D06B4B58E250166C95BDD3 /* Pods_Upcheck.framework */ = {isa = PBXFileReference; explicitFileType = wrapper.framework; includeInIndex = 0; path = Pods_Upcheck.framework; sourceTree = BUILT_PRODUCTS_DIR; };
/* End PBXFileReference section */

/* Begin PBXFrameworksBuildPhase section */
		678EE68D29A3459500A878E5 /* Frameworks */ = {
			isa = PBXFrameworksBuildPhase;
			buildActionMask = 2147483647;
			files = (
				8F602829C76EA192099345CC /* Pods_Upcheck.framework in Frameworks */,
			);
			runOnlyForDeploymentPostprocessing = 0;
		};
		678EE6A329A3459A00A878E5 /* Frameworks */ = {
			isa = PBXFrameworksBuildPhase;
			buildActionMask = 2147483647;
			files = (
				2C1F639771432B03D7B50091 /* Pods_UpcheckTests.framework in Frameworks */,
			);
			runOnlyForDeploymentPostprocessing = 0;
		};
		678EE6AD29A3459A00A878E5 /* Frameworks */ = {
			isa = PBXFrameworksBuildPhase;
			buildActionMask = 2147483647;
			files = (
				652CD0E7998AB8A304AE9D5A /* Pods_Upcheck_UpcheckUITests.framework in Frameworks */,
			);
			runOnlyForDeploymentPostprocessing = 0;
		};
/* End PBXFrameworksBuildPhase section */

/* Begin PBXGroup section */
		202100A369F1CBB166CBCB84 /* Pods */ = {
			isa = PBXGroup;
			children = (
				396749F837E0F277EBCDF1AB /* Pods-Upcheck.debug.xcconfig */,
				17E850F651884E3884F847DA /* Pods-Upcheck.release.xcconfig */,
				7569CE600CB563A860E4ED18 /* Pods-Upcheck-UpcheckUITests.debug.xcconfig */,
				29928782EA29162C909C0C69 /* Pods-Upcheck-UpcheckUITests.release.xcconfig */,
				0FE52A3D7C316EC9B8ADD925 /* Pods-UpcheckTests.debug.xcconfig */,
				7EB0A317C8439AA12B56216E /* Pods-UpcheckTests.release.xcconfig */,
			);
			path = Pods;
			sourceTree = "<group>";
		};
		678EE68729A3459500A878E5 = {
			isa = PBXGroup;
			children = (
				678EE69229A3459500A878E5 /* Upcheck */,
				678EE6A929A3459A00A878E5 /* UpcheckTests */,
				678EE6B329A3459A00A878E5 /* UpcheckUITests */,
				678EE69129A3459500A878E5 /* Products */,
				202100A369F1CBB166CBCB84 /* Pods */,
				BF5F0A4AFC1EE03DE0328C6D /* Frameworks */,
			);
			sourceTree = "<group>";
		};
		678EE69129A3459500A878E5 /* Products */ = {
			isa = PBXGroup;
			children = (
				678EE69029A3459500A878E5 /* Upcheck.app */,
				678EE6A629A3459A00A878E5 /* UpcheckTests.xctest */,
				678EE6B029A3459A00A878E5 /* UpcheckUITests.xctest */,
			);
			name = Products;
			sourceTree = "<group>";
		};
		678EE69229A3459500A878E5 /* Upcheck */ = {
			isa = PBXGroup;
			children = (
				678EE6C529A3476900A878E5 /* Constants */,
				678EE6C629A3477600A878E5 /* Custom Models */,
				678EE6C429A345C600A878E5 /* Storyboards */,
				678EE6C729A3497D00A878E5 /* View Controllers */,
				678EE69C29A3459A00A878E5 /* Assets.xcassets */,
				678EE6A129A3459A00A878E5 /* Info.plist */,
			);
			path = Upcheck;
			sourceTree = "<group>";
		};
		678EE6A929A3459A00A878E5 /* UpcheckTests */ = {
			isa = PBXGroup;
			children = (
				678EE6AA29A3459A00A878E5 /* UpcheckTests.swift */,
			);
			path = UpcheckTests;
			sourceTree = "<group>";
		};
		678EE6B329A3459A00A878E5 /* UpcheckUITests */ = {
			isa = PBXGroup;
			children = (
				678EE6B429A3459A00A878E5 /* UpcheckUITests.swift */,
				678EE6B629A3459A00A878E5 /* UpcheckUITestsLaunchTests.swift */,
			);
			path = UpcheckUITests;
			sourceTree = "<group>";
		};
		678EE6C329A345B700A878E5 /* Auth */ = {
			isa = PBXGroup;
			children = (
			);
			path = Auth;
			sourceTree = "<group>";
		};
		678EE6C429A345C600A878E5 /* Storyboards */ = {
			isa = PBXGroup;
			children = (
				678EE69E29A3459A00A878E5 /* LaunchScreen.storyboard */,
				678EE69929A3459500A878E5 /* Main.storyboard */,
			);
			path = Storyboards;
			sourceTree = "<group>";
		};
		678EE6C529A3476900A878E5 /* Constants */ = {
			isa = PBXGroup;
			children = (
				67C88EFB29A386E600A63106 /* Fonts */,
				67C88EFF29A3891200A63106 /* ColorConstant.swift */,
			);
			path = Constants;
			sourceTree = "<group>";
		};
		678EE6C629A3477600A878E5 /* Custom Models */ = {
			isa = PBXGroup;
			children = (
			);
			path = "Custom Models";
			sourceTree = "<group>";
		};
		678EE6C729A3497D00A878E5 /* View Controllers */ = {
			isa = PBXGroup;
			children = (
				678EE6C329A345B700A878E5 /* Auth */,
				678EE69329A3459500A878E5 /* AppDelegate.swift */,
				678EE69529A3459500A878E5 /* SceneDelegate.swift */,
				678EE69729A3459500A878E5 /* ViewController.swift */,
			);
			path = "View Controllers";
			sourceTree = "<group>";
		};
		67A7081629A399C300E5D4B7 /* inter */ = {
			isa = PBXGroup;
			children = (
				67A7081829A399E400E5D4B7 /* Inter-Black.ttf */,
				67A7081929A399E400E5D4B7 /* Inter-Bold.ttf */,
				67A7081D29A399E500E5D4B7 /* Inter-ExtraBold.ttf */,
				67A7081F29A399E500E5D4B7 /* Inter-ExtraLight.ttf */,
				67A7081729A399E400E5D4B7 /* Inter-Light.ttf */,
				67A7081E29A399E500E5D4B7 /* Inter-Medium.ttf */,
				67A7081C29A399E500E5D4B7 /* Inter-Regular.ttf */,
				67A7081A29A399E400E5D4B7 /* Inter-SemiBold.ttf */,
				67A7081B29A399E500E5D4B7 /* Inter-Thin.ttf */,
			);
			path = inter;
			sourceTree = "<group>";
		};
		67C88EFB29A386E600A63106 /* Fonts */ = {
			isa = PBXGroup;
			children = (
				67A7082929A39A4400E5D4B7 /* Fonts.swift */,
				67A7081629A399C300E5D4B7 /* inter */,
			);
			path = Fonts;
			sourceTree = "<group>";
		};
		BF5F0A4AFC1EE03DE0328C6D /* Frameworks */ = {
			isa = PBXGroup;
			children = (
				89D06B4B58E250166C95BDD3 /* Pods_Upcheck.framework */,
				5B7E55FA9209CE590E018637 /* Pods_Upcheck_UpcheckUITests.framework */,
				24441FB916D4D3E32C16AC64 /* Pods_UpcheckTests.framework */,
			);
			name = Frameworks;
			sourceTree = "<group>";
		};
/* End PBXGroup section */

/* Begin PBXNativeTarget section */
		678EE68F29A3459500A878E5 /* Upcheck */ = {
			isa = PBXNativeTarget;
			buildConfigurationList = 678EE6BA29A3459A00A878E5 /* Build configuration list for PBXNativeTarget "Upcheck" */;
			buildPhases = (
				5C82F3C3BD3FBAEC8CBBC348 /* [CP] Check Pods Manifest.lock */,
				678EE68C29A3459500A878E5 /* Sources */,
				678EE68D29A3459500A878E5 /* Frameworks */,
				678EE68E29A3459500A878E5 /* Resources */,
			);
			buildRules = (
			);
			dependencies = (
			);
			name = Upcheck;
			productName = Upcheck;
			productReference = 678EE69029A3459500A878E5 /* Upcheck.app */;
			productType = "com.apple.product-type.application";
		};
		678EE6A529A3459A00A878E5 /* UpcheckTests */ = {
			isa = PBXNativeTarget;
			buildConfigurationList = 678EE6BD29A3459A00A878E5 /* Build configuration list for PBXNativeTarget "UpcheckTests" */;
			buildPhases = (
				396C649FB6025622574BA317 /* [CP] Check Pods Manifest.lock */,
				678EE6A229A3459A00A878E5 /* Sources */,
				678EE6A329A3459A00A878E5 /* Frameworks */,
				678EE6A429A3459A00A878E5 /* Resources */,
			);
			buildRules = (
			);
			dependencies = (
				678EE6A829A3459A00A878E5 /* PBXTargetDependency */,
			);
			name = UpcheckTests;
			productName = UpcheckTests;
			productReference = 678EE6A629A3459A00A878E5 /* UpcheckTests.xctest */;
			productType = "com.apple.product-type.bundle.unit-test";
		};
		678EE6AF29A3459A00A878E5 /* UpcheckUITests */ = {
			isa = PBXNativeTarget;
			buildConfigurationList = 678EE6C029A3459A00A878E5 /* Build configuration list for PBXNativeTarget "UpcheckUITests" */;
			buildPhases = (
				9D0288A0323952D378704D18 /* [CP] Check Pods Manifest.lock */,
				678EE6AC29A3459A00A878E5 /* Sources */,
				678EE6AD29A3459A00A878E5 /* Frameworks */,
				678EE6AE29A3459A00A878E5 /* Resources */,
			);
			buildRules = (
			);
			dependencies = (
				678EE6B229A3459A00A878E5 /* PBXTargetDependency */,
			);
			name = UpcheckUITests;
			productName = UpcheckUITests;
			productReference = 678EE6B029A3459A00A878E5 /* UpcheckUITests.xctest */;
			productType = "com.apple.product-type.bundle.ui-testing";
		};
/* End PBXNativeTarget section */

/* Begin PBXProject section */
		678EE68829A3459500A878E5 /* Project object */ = {
			isa = PBXProject;
			attributes = {
				BuildIndependentTargetsInParallel = 1;
				LastSwiftUpdateCheck = 1420;
				LastUpgradeCheck = 1420;
				TargetAttributes = {
					678EE68F29A3459500A878E5 = {
						CreatedOnToolsVersion = 14.2;
					};
					678EE6A529A3459A00A878E5 = {
						CreatedOnToolsVersion = 14.2;
						TestTargetID = 678EE68F29A3459500A878E5;
					};
					678EE6AF29A3459A00A878E5 = {
						CreatedOnToolsVersion = 14.2;
						TestTargetID = 678EE68F29A3459500A878E5;
					};
				};
			};
			buildConfigurationList = 678EE68B29A3459500A878E5 /* Build configuration list for PBXProject "Upcheck" */;
			compatibilityVersion = "Xcode 14.0";
			developmentRegion = en;
			hasScannedForEncodings = 0;
			knownRegions = (
				en,
				Base,
			);
			mainGroup = 678EE68729A3459500A878E5;
			productRefGroup = 678EE69129A3459500A878E5 /* Products */;
			projectDirPath = "";
			projectRoot = "";
			targets = (
				678EE68F29A3459500A878E5 /* Upcheck */,
				678EE6A529A3459A00A878E5 /* UpcheckTests */,
				678EE6AF29A3459A00A878E5 /* UpcheckUITests */,
			);
		};
/* End PBXProject section */

/* Begin PBXResourcesBuildPhase section */
		678EE68E29A3459500A878E5 /* Resources */ = {
			isa = PBXResourcesBuildPhase;
			buildActionMask = 2147483647;
			files = (
				67A7082029A399E500E5D4B7 /* Inter-Light.ttf in Resources */,
				67A7082629A399E500E5D4B7 /* Inter-ExtraBold.ttf in Resources */,
				67A7082129A399E500E5D4B7 /* Inter-Black.ttf in Resources */,
				67A7082429A399E500E5D4B7 /* Inter-Thin.ttf in Resources */,
				67A7082829A399E500E5D4B7 /* Inter-ExtraLight.ttf in Resources */,
				678EE6A029A3459A00A878E5 /* LaunchScreen.storyboard in Resources */,
				67A7082229A399E500E5D4B7 /* Inter-Bold.ttf in Resources */,
				67A7082329A399E500E5D4B7 /* Inter-SemiBold.ttf in Resources */,
				67A7082529A399E500E5D4B7 /* Inter-Regular.ttf in Resources */,
				67A7082729A399E500E5D4B7 /* Inter-Medium.ttf in Resources */,
				678EE69D29A3459A00A878E5 /* Assets.xcassets in Resources */,
				678EE69B29A3459500A878E5 /* Main.storyboard in Resources */,
			);
			runOnlyForDeploymentPostprocessing = 0;
		};
		678EE6A429A3459A00A878E5 /* Resources */ = {
			isa = PBXResourcesBuildPhase;
			buildActionMask = 2147483647;
			files = (
			);
			runOnlyForDeploymentPostprocessing = 0;
		};
		678EE6AE29A3459A00A878E5 /* Resources */ = {
			isa = PBXResourcesBuildPhase;
			buildActionMask = 2147483647;
			files = (
			);
			runOnlyForDeploymentPostprocessing = 0;
		};
/* End PBXResourcesBuildPhase section */

/* Begin PBXShellScriptBuildPhase section */
		396C649FB6025622574BA317 /* [CP] Check Pods Manifest.lock */ = {
			isa = PBXShellScriptBuildPhase;
			buildActionMask = 2147483647;
			files = (
			);
			inputFileListPaths = (
			);
			inputPaths = (
				"${PODS_PODFILE_DIR_PATH}/Podfile.lock",
				"${PODS_ROOT}/Manifest.lock",
			);
			name = "[CP] Check Pods Manifest.lock";
			outputFileListPaths = (
			);
			outputPaths = (
				"$(DERIVED_FILE_DIR)/Pods-UpcheckTests-checkManifestLockResult.txt",
			);
			runOnlyForDeploymentPostprocessing = 0;
			shellPath = /bin/sh;
			shellScript = "diff \"${PODS_PODFILE_DIR_PATH}/Podfile.lock\" \"${PODS_ROOT}/Manifest.lock\" > /dev/null\nif [ $? != 0 ] ; then\n    # print error to STDERR\n    echo \"error: The sandbox is not in sync with the Podfile.lock. Run 'pod install' or update your CocoaPods installation.\" >&2\n    exit 1\nfi\n# This output is used by Xcode 'outputs' to avoid re-running this script phase.\necho \"SUCCESS\" > \"${SCRIPT_OUTPUT_FILE_0}\"\n";
			showEnvVarsInLog = 0;
		};
		5C82F3C3BD3FBAEC8CBBC348 /* [CP] Check Pods Manifest.lock */ = {
			isa = PBXShellScriptBuildPhase;
			buildActionMask = 2147483647;
			files = (
			);
			inputFileListPaths = (
			);
			inputPaths = (
				"${PODS_PODFILE_DIR_PATH}/Podfile.lock",
				"${PODS_ROOT}/Manifest.lock",
			);
			name = "[CP] Check Pods Manifest.lock";
			outputFileListPaths = (
			);
			outputPaths = (
				"$(DERIVED_FILE_DIR)/Pods-Upcheck-checkManifestLockResult.txt",
			);
			runOnlyForDeploymentPostprocessing = 0;
			shellPath = /bin/sh;
			shellScript = "diff \"${PODS_PODFILE_DIR_PATH}/Podfile.lock\" \"${PODS_ROOT}/Manifest.lock\" > /dev/null\nif [ $? != 0 ] ; then\n    # print error to STDERR\n    echo \"error: The sandbox is not in sync with the Podfile.lock. Run 'pod install' or update your CocoaPods installation.\" >&2\n    exit 1\nfi\n# This output is used by Xcode 'outputs' to avoid re-running this script phase.\necho \"SUCCESS\" > \"${SCRIPT_OUTPUT_FILE_0}\"\n";
			showEnvVarsInLog = 0;
		};
		9D0288A0323952D378704D18 /* [CP] Check Pods Manifest.lock */ = {
			isa = PBXShellScriptBuildPhase;
			buildActionMask = 2147483647;
			files = (
			);
			inputFileListPaths = (
			);
			inputPaths = (
				"${PODS_PODFILE_DIR_PATH}/Podfile.lock",
				"${PODS_ROOT}/Manifest.lock",
			);
			name = "[CP] Check Pods Manifest.lock";
			outputFileListPaths = (
			);
			outputPaths = (
				"$(DERIVED_FILE_DIR)/Pods-Upcheck-UpcheckUITests-checkManifestLockResult.txt",
			);
			runOnlyForDeploymentPostprocessing = 0;
			shellPath = /bin/sh;
			shellScript = "diff \"${PODS_PODFILE_DIR_PATH}/Podfile.lock\" \"${PODS_ROOT}/Manifest.lock\" > /dev/null\nif [ $? != 0 ] ; then\n    # print error to STDERR\n    echo \"error: The sandbox is not in sync with the Podfile.lock. Run 'pod install' or update your CocoaPods installation.\" >&2\n    exit 1\nfi\n# This output is used by Xcode 'outputs' to avoid re-running this script phase.\necho \"SUCCESS\" > \"${SCRIPT_OUTPUT_FILE_0}\"\n";
			showEnvVarsInLog = 0;
		};
/* End PBXShellScriptBuildPhase section */

/* Begin PBXSourcesBuildPhase section */
		678EE68C29A3459500A878E5 /* Sources */ = {
			isa = PBXSourcesBuildPhase;
			buildActionMask = 2147483647;
			files = (
				678EE69829A3459500A878E5 /* ViewController.swift in Sources */,
				67A7082A29A39A4400E5D4B7 /* Fonts.swift in Sources */,
				678EE69429A3459500A878E5 /* AppDelegate.swift in Sources */,
				678EE69629A3459500A878E5 /* SceneDelegate.swift in Sources */,
				67C88F0029A3891200A63106 /* ColorConstant.swift in Sources */,
			);
			runOnlyForDeploymentPostprocessing = 0;
		};
		678EE6A229A3459A00A878E5 /* Sources */ = {
			isa = PBXSourcesBuildPhase;
			buildActionMask = 2147483647;
			files = (
				678EE6AB29A3459A00A878E5 /* UpcheckTests.swift in Sources */,
			);
			runOnlyForDeploymentPostprocessing = 0;
		};
		678EE6AC29A3459A00A878E5 /* Sources */ = {
			isa = PBXSourcesBuildPhase;
			buildActionMask = 2147483647;
			files = (
				678EE6B729A3459A00A878E5 /* UpcheckUITestsLaunchTests.swift in Sources */,
				678EE6B529A3459A00A878E5 /* UpcheckUITests.swift in Sources */,
			);
			runOnlyForDeploymentPostprocessing = 0;
		};
/* End PBXSourcesBuildPhase section */

/* Begin PBXTargetDependency section */
		678EE6A829A3459A00A878E5 /* PBXTargetDependency */ = {
			isa = PBXTargetDependency;
			target = 678EE68F29A3459500A878E5 /* Upcheck */;
			targetProxy = 678EE6A729A3459A00A878E5 /* PBXContainerItemProxy */;
		};
		678EE6B229A3459A00A878E5 /* PBXTargetDependency */ = {
			isa = PBXTargetDependency;
			target = 678EE68F29A3459500A878E5 /* Upcheck */;
			targetProxy = 678EE6B129A3459A00A878E5 /* PBXContainerItemProxy */;
		};
/* End PBXTargetDependency section */

/* Begin PBXVariantGroup section */
		678EE69929A3459500A878E5 /* Main.storyboard */ = {
			isa = PBXVariantGroup;
			children = (
				678EE69A29A3459500A878E5 /* Base */,
			);
			name = Main.storyboard;
			sourceTree = "<group>";
		};
		678EE69E29A3459A00A878E5 /* LaunchScreen.storyboard */ = {
			isa = PBXVariantGroup;
			children = (
				678EE69F29A3459A00A878E5 /* Base */,
			);
			name = LaunchScreen.storyboard;
			sourceTree = "<group>";
		};
/* End PBXVariantGroup section */

/* Begin XCBuildConfiguration section */
		678EE6B829A3459A00A878E5 /* Debug */ = {
			isa = XCBuildConfiguration;
			buildSettings = {
				ALWAYS_SEARCH_USER_PATHS = NO;
				CLANG_ANALYZER_NONNULL = YES;
				CLANG_ANALYZER_NUMBER_OBJECT_CONVERSION = YES_AGGRESSIVE;
				CLANG_CXX_LANGUAGE_STANDARD = "gnu++20";
				CLANG_ENABLE_MODULES = YES;
				CLANG_ENABLE_OBJC_ARC = YES;
				CLANG_ENABLE_OBJC_WEAK = YES;
				CLANG_WARN_BLOCK_CAPTURE_AUTORELEASING = YES;
				CLANG_WARN_BOOL_CONVERSION = YES;
				CLANG_WARN_COMMA = YES;
				CLANG_WARN_CONSTANT_CONVERSION = YES;
				CLANG_WARN_DEPRECATED_OBJC_IMPLEMENTATIONS = YES;
				CLANG_WARN_DIRECT_OBJC_ISA_USAGE = YES_ERROR;
				CLANG_WARN_DOCUMENTATION_COMMENTS = YES;
				CLANG_WARN_EMPTY_BODY = YES;
				CLANG_WARN_ENUM_CONVERSION = YES;
				CLANG_WARN_INFINITE_RECURSION = YES;
				CLANG_WARN_INT_CONVERSION = YES;
				CLANG_WARN_NON_LITERAL_NULL_CONVERSION = YES;
				CLANG_WARN_OBJC_IMPLICIT_RETAIN_SELF = YES;
				CLANG_WARN_OBJC_LITERAL_CONVERSION = YES;
				CLANG_WARN_OBJC_ROOT_CLASS = YES_ERROR;
				CLANG_WARN_QUOTED_INCLUDE_IN_FRAMEWORK_HEADER = YES;
				CLANG_WARN_RANGE_LOOP_ANALYSIS = YES;
				CLANG_WARN_STRICT_PROTOTYPES = YES;
				CLANG_WARN_SUSPICIOUS_MOVE = YES;
				CLANG_WARN_UNGUARDED_AVAILABILITY = YES_AGGRESSIVE;
				CLANG_WARN_UNREACHABLE_CODE = YES;
				CLANG_WARN__DUPLICATE_METHOD_MATCH = YES;
				COPY_PHASE_STRIP = NO;
				DEBUG_INFORMATION_FORMAT = dwarf;
				ENABLE_STRICT_OBJC_MSGSEND = YES;
				ENABLE_TESTABILITY = YES;
				GCC_C_LANGUAGE_STANDARD = gnu11;
				GCC_DYNAMIC_NO_PIC = NO;
				GCC_NO_COMMON_BLOCKS = YES;
				GCC_OPTIMIZATION_LEVEL = 0;
				GCC_PREPROCESSOR_DEFINITIONS = (
					"DEBUG=1",
					"$(inherited)",
				);
				GCC_WARN_64_TO_32_BIT_CONVERSION = YES;
				GCC_WARN_ABOUT_RETURN_TYPE = YES_ERROR;
				GCC_WARN_UNDECLARED_SELECTOR = YES;
				GCC_WARN_UNINITIALIZED_AUTOS = YES_AGGRESSIVE;
				GCC_WARN_UNUSED_FUNCTION = YES;
				GCC_WARN_UNUSED_VARIABLE = YES;
				IPHONEOS_DEPLOYMENT_TARGET = 16.2;
				MTL_ENABLE_DEBUG_INFO = INCLUDE_SOURCE;
				MTL_FAST_MATH = YES;
				ONLY_ACTIVE_ARCH = YES;
				SDKROOT = iphoneos;
				SWIFT_ACTIVE_COMPILATION_CONDITIONS = DEBUG;
				SWIFT_OPTIMIZATION_LEVEL = "-Onone";
			};
			name = Debug;
		};
		678EE6B929A3459A00A878E5 /* Release */ = {
			isa = XCBuildConfiguration;
			buildSettings = {
				ALWAYS_SEARCH_USER_PATHS = NO;
				CLANG_ANALYZER_NONNULL = YES;
				CLANG_ANALYZER_NUMBER_OBJECT_CONVERSION = YES_AGGRESSIVE;
				CLANG_CXX_LANGUAGE_STANDARD = "gnu++20";
				CLANG_ENABLE_MODULES = YES;
				CLANG_ENABLE_OBJC_ARC = YES;
				CLANG_ENABLE_OBJC_WEAK = YES;
				CLANG_WARN_BLOCK_CAPTURE_AUTORELEASING = YES;
				CLANG_WARN_BOOL_CONVERSION = YES;
				CLANG_WARN_COMMA = YES;
				CLANG_WARN_CONSTANT_CONVERSION = YES;
				CLANG_WARN_DEPRECATED_OBJC_IMPLEMENTATIONS = YES;
				CLANG_WARN_DIRECT_OBJC_ISA_USAGE = YES_ERROR;
				CLANG_WARN_DOCUMENTATION_COMMENTS = YES;
				CLANG_WARN_EMPTY_BODY = YES;
				CLANG_WARN_ENUM_CONVERSION = YES;
				CLANG_WARN_INFINITE_RECURSION = YES;
				CLANG_WARN_INT_CONVERSION = YES;
				CLANG_WARN_NON_LITERAL_NULL_CONVERSION = YES;
				CLANG_WARN_OBJC_IMPLICIT_RETAIN_SELF = YES;
				CLANG_WARN_OBJC_LITERAL_CONVERSION = YES;
				CLANG_WARN_OBJC_ROOT_CLASS = YES_ERROR;
				CLANG_WARN_QUOTED_INCLUDE_IN_FRAMEWORK_HEADER = YES;
				CLANG_WARN_RANGE_LOOP_ANALYSIS = YES;
				CLANG_WARN_STRICT_PROTOTYPES = YES;
				CLANG_WARN_SUSPICIOUS_MOVE = YES;
				CLANG_WARN_UNGUARDED_AVAILABILITY = YES_AGGRESSIVE;
				CLANG_WARN_UNREACHABLE_CODE = YES;
				CLANG_WARN__DUPLICATE_METHOD_MATCH = YES;
				COPY_PHASE_STRIP = NO;
				DEBUG_INFORMATION_FORMAT = "dwarf-with-dsym";
				ENABLE_NS_ASSERTIONS = NO;
				ENABLE_STRICT_OBJC_MSGSEND = YES;
				GCC_C_LANGUAGE_STANDARD = gnu11;
				GCC_NO_COMMON_BLOCKS = YES;
				GCC_WARN_64_TO_32_BIT_CONVERSION = YES;
				GCC_WARN_ABOUT_RETURN_TYPE = YES_ERROR;
				GCC_WARN_UNDECLARED_SELECTOR = YES;
				GCC_WARN_UNINITIALIZED_AUTOS = YES_AGGRESSIVE;
				GCC_WARN_UNUSED_FUNCTION = YES;
				GCC_WARN_UNUSED_VARIABLE = YES;
				IPHONEOS_DEPLOYMENT_TARGET = 16.2;
				MTL_ENABLE_DEBUG_INFO = NO;
				MTL_FAST_MATH = YES;
				SDKROOT = iphoneos;
				SWIFT_COMPILATION_MODE = wholemodule;
				SWIFT_OPTIMIZATION_LEVEL = "-O";
				VALIDATE_PRODUCT = YES;
			};
			name = Release;
		};
		678EE6BB29A3459A00A878E5 /* Debug */ = {
			isa = XCBuildConfiguration;
			baseConfigurationReference = 396749F837E0F277EBCDF1AB /* Pods-Upcheck.debug.xcconfig */;
			buildSettings = {
				ASSETCATALOG_COMPILER_APPICON_NAME = AppIcon;
				ASSETCATALOG_COMPILER_GLOBAL_ACCENT_COLOR_NAME = AccentColor;
				ASSETCATALOG_COMPILER_INCLUDE_ALL_APPICON_ASSETS = NO;
				CODE_SIGN_STYLE = Automatic;
				CURRENT_PROJECT_VERSION = 1;
				GENERATE_INFOPLIST_FILE = YES;
				INFOPLIST_FILE = Upcheck/Info.plist;
				INFOPLIST_KEY_UIApplicationSupportsIndirectInputEvents = YES;
				INFOPLIST_KEY_UILaunchStoryboardName = LaunchScreen.storyboard;
				INFOPLIST_KEY_UIMainStoryboardFile = Main;
				INFOPLIST_KEY_UIStatusBarStyle = UIStatusBarStyleDarkContent;
				INFOPLIST_KEY_UISupportedInterfaceOrientations = UIInterfaceOrientationPortrait;
				LD_RUNPATH_SEARCH_PATHS = (
					"$(inherited)",
					"@executable_path/Frameworks",
				);
				MARKETING_VERSION = 1.0;
				PRODUCT_BUNDLE_IDENTIFIER = com.Upcheck;
				PRODUCT_NAME = "$(TARGET_NAME)";
				SUPPORTED_PLATFORMS = "iphoneos iphonesimulator";
				SUPPORTS_MACCATALYST = NO;
				SUPPORTS_MAC_DESIGNED_FOR_IPHONE_IPAD = YES;
				SWIFT_EMIT_LOC_STRINGS = YES;
				SWIFT_VERSION = 5.0;
				TARGETED_DEVICE_FAMILY = 1;
			};
			name = Debug;
		};
		678EE6BC29A3459A00A878E5 /* Release */ = {
			isa = XCBuildConfiguration;
			baseConfigurationReference = 17E850F651884E3884F847DA /* Pods-Upcheck.release.xcconfig */;
			buildSettings = {
				ASSETCATALOG_COMPILER_APPICON_NAME = AppIcon;
				ASSETCATALOG_COMPILER_GLOBAL_ACCENT_COLOR_NAME = AccentColor;
				ASSETCATALOG_COMPILER_INCLUDE_ALL_APPICON_ASSETS = NO;
				CODE_SIGN_STYLE = Automatic;
				CURRENT_PROJECT_VERSION = 1;
				GENERATE_INFOPLIST_FILE = YES;
				INFOPLIST_FILE = Upcheck/Info.plist;
				INFOPLIST_KEY_UIApplicationSupportsIndirectInputEvents = YES;
				INFOPLIST_KEY_UILaunchStoryboardName = LaunchScreen.storyboard;
				INFOPLIST_KEY_UIMainStoryboardFile = Main;
				INFOPLIST_KEY_UIStatusBarStyle = UIStatusBarStyleDarkContent;
				INFOPLIST_KEY_UISupportedInterfaceOrientations = UIInterfaceOrientationPortrait;
				LD_RUNPATH_SEARCH_PATHS = (
					"$(inherited)",
					"@executable_path/Frameworks",
				);
				MARKETING_VERSION = 1.0;
				PRODUCT_BUNDLE_IDENTIFIER = com.Upcheck;
				PRODUCT_NAME = "$(TARGET_NAME)";
				SUPPORTED_PLATFORMS = "iphoneos iphonesimulator";
				SUPPORTS_MACCATALYST = NO;
				SUPPORTS_MAC_DESIGNED_FOR_IPHONE_IPAD = YES;
				SWIFT_EMIT_LOC_STRINGS = YES;
				SWIFT_VERSION = 5.0;
				TARGETED_DEVICE_FAMILY = 1;
			};
			name = Release;
		};
		678EE6BE29A3459A00A878E5 /* Debug */ = {
			isa = XCBuildConfiguration;
			baseConfigurationReference = 0FE52A3D7C316EC9B8ADD925 /* Pods-UpcheckTests.debug.xcconfig */;
			buildSettings = {
				ALWAYS_EMBED_SWIFT_STANDARD_LIBRARIES = YES;
				BUNDLE_LOADER = "$(TEST_HOST)";
				CODE_SIGN_STYLE = Automatic;
				CURRENT_PROJECT_VERSION = 1;
				GENERATE_INFOPLIST_FILE = YES;
				IPHONEOS_DEPLOYMENT_TARGET = 16.2;
				MARKETING_VERSION = 1.0;
				PRODUCT_BUNDLE_IDENTIFIER = com.beta.UpcheckTests;
				PRODUCT_NAME = "$(TARGET_NAME)";
				SWIFT_EMIT_LOC_STRINGS = NO;
				SWIFT_VERSION = 5.0;
				TARGETED_DEVICE_FAMILY = "1,2";
				TEST_HOST = "$(BUILT_PRODUCTS_DIR)/Upcheck.app/$(BUNDLE_EXECUTABLE_FOLDER_PATH)/Upcheck";
			};
			name = Debug;
		};
		678EE6BF29A3459A00A878E5 /* Release */ = {
			isa = XCBuildConfiguration;
			baseConfigurationReference = 7EB0A317C8439AA12B56216E /* Pods-UpcheckTests.release.xcconfig */;
			buildSettings = {
				ALWAYS_EMBED_SWIFT_STANDARD_LIBRARIES = YES;
				BUNDLE_LOADER = "$(TEST_HOST)";
				CODE_SIGN_STYLE = Automatic;
				CURRENT_PROJECT_VERSION = 1;
				GENERATE_INFOPLIST_FILE = YES;
				IPHONEOS_DEPLOYMENT_TARGET = 16.2;
				MARKETING_VERSION = 1.0;
				PRODUCT_BUNDLE_IDENTIFIER = com.beta.UpcheckTests;
				PRODUCT_NAME = "$(TARGET_NAME)";
				SWIFT_EMIT_LOC_STRINGS = NO;
				SWIFT_VERSION = 5.0;
				TARGETED_DEVICE_FAMILY = "1,2";
				TEST_HOST = "$(BUILT_PRODUCTS_DIR)/Upcheck.app/$(BUNDLE_EXECUTABLE_FOLDER_PATH)/Upcheck";
			};
			name = Release;
		};
		678EE6C129A3459A00A878E5 /* Debug */ = {
			isa = XCBuildConfiguration;
			baseConfigurationReference = 7569CE600CB563A860E4ED18 /* Pods-Upcheck-UpcheckUITests.debug.xcconfig */;
			buildSettings = {
				ALWAYS_EMBED_SWIFT_STANDARD_LIBRARIES = YES;
				CODE_SIGN_STYLE = Automatic;
				CURRENT_PROJECT_VERSION = 1;
				GENERATE_INFOPLIST_FILE = YES;
				MARKETING_VERSION = 1.0;
				PRODUCT_BUNDLE_IDENTIFIER = com.beta.UpcheckUITests;
				PRODUCT_NAME = "$(TARGET_NAME)";
				SWIFT_EMIT_LOC_STRINGS = NO;
				SWIFT_VERSION = 5.0;
				TARGETED_DEVICE_FAMILY = "1,2";
				TEST_TARGET_NAME = Upcheck;
			};
			name = Debug;
		};
		678EE6C229A3459A00A878E5 /* Release */ = {
			isa = XCBuildConfiguration;
			baseConfigurationReference = 29928782EA29162C909C0C69 /* Pods-Upcheck-UpcheckUITests.release.xcconfig */;
			buildSettings = {
				ALWAYS_EMBED_SWIFT_STANDARD_LIBRARIES = YES;
				CODE_SIGN_STYLE = Automatic;
				CURRENT_PROJECT_VERSION = 1;
				GENERATE_INFOPLIST_FILE = YES;
				MARKETING_VERSION = 1.0;
				PRODUCT_BUNDLE_IDENTIFIER = com.beta.UpcheckUITests;
				PRODUCT_NAME = "$(TARGET_NAME)";
				SWIFT_EMIT_LOC_STRINGS = NO;
				SWIFT_VERSION = 5.0;
				TARGETED_DEVICE_FAMILY = "1,2";
				TEST_TARGET_NAME = Upcheck;
			};
			name = Release;
		};
/* End XCBuildConfiguration section */

/* Begin XCConfigurationList section */
		678EE68B29A3459500A878E5 /* Build configuration list for PBXProject "Upcheck" */ = {
			isa = XCConfigurationList;
			buildConfigurations = (
				678EE6B829A3459A00A878E5 /* Debug */,
				678EE6B929A3459A00A878E5 /* Release */,
			);
			defaultConfigurationIsVisible = 0;
			defaultConfigurationName = Release;
		};
		678EE6BA29A3459A00A878E5 /* Build configuration list for PBXNativeTarget "Upcheck" */ = {
			isa = XCConfigurationList;
			buildConfigurations = (
				678EE6BB29A3459A00A878E5 /* Debug */,
				678EE6BC29A3459A00A878E5 /* Release */,
			);
			defaultConfigurationIsVisible = 0;
			defaultConfigurationName = Release;
		};
		678EE6BD29A3459A00A878E5 /* Build configuration list for PBXNativeTarget "UpcheckTests" */ = {
			isa = XCConfigurationList;
			buildConfigurations = (
				678EE6BE29A3459A00A878E5 /* Debug */,
				678EE6BF29A3459A00A878E5 /* Release */,
			);
			defaultConfigurationIsVisible = 0;
			defaultConfigurationName = Release;
		};
		678EE6C029A3459A00A878E5 /* Build configuration list for PBXNativeTarget "UpcheckUITests" */ = {
			isa = XCConfigurationList;
			buildConfigurations = (
				678EE6C129A3459A00A878E5 /* Debug */,
				678EE6C229A3459A00A878E5 /* Release */,
			);
			defaultConfigurationIsVisible = 0;
			defaultConfigurationName = Release;
		};
/* End XCConfigurationList section */
	};
	rootObject = 678EE68829A3459500A878E5 /* Project object */;
}
